
Microsoft Visual Studio Solution File, Format Version 12.00
# Visual Studio Version 17
VisualStudioVersion = 17.14.36202.13
MinimumVisualStudioVersion = 10.0.40219.1
Project("{FAE04EC0-301F-11D3-BF4B-00C04F79EFBC}") = "Simulador.Api", "Simulador.Api\Simulador.Api.csproj", "{2815ECBA-6D4A-4A66-90CE-3FF8BA845323}"
EndProject
Project("{2150E333-8FDC-42A3-9474-1A3956D46DE8}") = "Solution Items", "Solution Items", "{02EA681E-C7D8-13C7-8484-4AC65E1B71E8}"
	ProjectSection(SolutionItems) = preProject
		.editorconfig = .editorconfig
	EndProjectSection
EndProject
Project("{FAE04EC0-301F-11D3-BF4B-00C04F79EFBC}") = "Simulador.Api.Tests", "Simulador.Api.Tests\Simulador.Api.Tests.csproj", "{0196E813-AE8E-46AF-9A37-F86B559A1DEB}"
EndProject
Global
	GlobalSection(SolutionConfigurationPlatforms) = preSolution
		Debug|Any CPU = Debug|Any CPU
		Release|Any CPU = Release|Any CPU
	EndGlobalSection
	GlobalSection(ProjectConfigurationPlatforms) = postSolution
		{2815ECBA-6D4A-4A66-90CE-3FF8BA845323}.Debug|Any CPU.ActiveCfg = Debug|Any CPU
		{2815ECBA-6D4A-4A66-90CE-3FF8BA845323}.Debug|Any CPU.Build.0 = Debug|Any CPU
		{2815ECBA-6D4A-4A66-90CE-3FF8BA845323}.Release|Any CPU.ActiveCfg = Release|Any CPU
		{2815ECBA-6D4A-4A66-90CE-3FF8BA845323}.Release|Any CPU.Build.0 = Release|Any CPU
		{0196E813-AE8E-46AF-9A37-F86B559A1DEB}.Debug|Any CPU.ActiveCfg = Debug|Any CPU
		{0196E813-AE8E-46AF-9A37-F86B559A1DEB}.Debug|Any CPU.Build.0 = Debug|Any CPU
		{0196E813-AE8E-46AF-9A37-F86B559A1DEB}.Release|Any CPU.ActiveCfg = Release|Any CPU
		{0196E813-AE8E-46AF-9A37-F86B559A1DEB}.Release|Any CPU.Build.0 = Release|Any CPU
	EndGlobalSection
	GlobalSection(SolutionProperties) = preSolution
		HideSolutionNode = FALSE
	EndGlobalSection
	GlobalSection(ExtensibilityGlobals) = postSolution
		SolutionGuid = {97F03C94-F45C-41B8-9385-1BDE73B47C7A}
	EndGlobalSection
EndGlobal
